// !$*UTF8*$!
{
	archiveVersion = 1;
	classes = {
	};
	objectVersion = 54;
	objects = {

/* Begin PBXBuildFile section */
		000A97F813A44A7D8328276C /* Roboto-LightItalic.ttf in Resources */ = {isa = PBXBuildFile; fileRef = 7DDD7C0D17D64740AB6325B9 /* Roboto-LightItalic.ttf */; };
		00E356F31AD99517003FC87E /* bytmos_partnerTests.m in Sources */ = {isa = PBXBuildFile; fileRef = 00E356F21AD99517003FC87E /* bytmos_partnerTests.m */; };
		04FA22832862F91B002619B2 /* AntDesign.ttf in Resources */ = {isa = PBXBuildFile; fileRef = 04FA22822862F91B002619B2 /* AntDesign.ttf */; };
		04FA22852862F92B002619B2 /* Entypo.ttf in Resources */ = {isa = PBXBuildFile; fileRef = 04FA22842862F92B002619B2 /* Entypo.ttf */; };
		04FA22872862F939002619B2 /* EvilIcons.ttf in Resources */ = {isa = PBXBuildFile; fileRef = 04FA22862862F939002619B2 /* EvilIcons.ttf */; };
		04FA22892862F946002619B2 /* Feather.ttf in Resources */ = {isa = PBXBuildFile; fileRef = 04FA22882862F946002619B2 /* Feather.ttf */; };
		04FA22912862F9DA002619B2 /* Fontisto.ttf in Resources */ = {isa = PBXBuildFile; fileRef = 04FA22902862F9DA002619B2 /* Fontisto.ttf */; };
		04FA22932862F9EF002619B2 /* Ionicons.ttf in Resources */ = {isa = PBXBuildFile; fileRef = 04FA22922862F9EF002619B2 /* Ionicons.ttf */; };
		04FA22952862FA01002619B2 /* Foundation.ttf in Resources */ = {isa = PBXBuildFile; fileRef = 04FA22942862FA01002619B2 /* Foundation.ttf */; };
		04FA22972862FA0F002619B2 /* MaterialCommunityIcons.ttf in Resources */ = {isa = PBXBuildFile; fileRef = 04FA22962862FA0F002619B2 /* MaterialCommunityIcons.ttf */; };
		04FA22992862FA1A002619B2 /* MaterialIcons.ttf in Resources */ = {isa = PBXBuildFile; fileRef = 04FA22982862FA1A002619B2 /* MaterialIcons.ttf */; };
		04FA229B2862FA27002619B2 /* Octicons.ttf in Resources */ = {isa = PBXBuildFile; fileRef = 04FA229A2862FA27002619B2 /* Octicons.ttf */; };
		04FA229D2862FA35002619B2 /* SimpleLineIcons.ttf in Resources */ = {isa = PBXBuildFile; fileRef = 04FA229C2862FA35002619B2 /* SimpleLineIcons.ttf */; };
		04FA229F2862FA40002619B2 /* Zocial.ttf in Resources */ = {isa = PBXBuildFile; fileRef = 04FA229E2862FA40002619B2 /* Zocial.ttf */; };
		04FA22A12862FA69002619B2 /* Roboto-Black.ttf in Resources */ = {isa = PBXBuildFile; fileRef = 04FA22A02862FA69002619B2 /* Roboto-Black.ttf */; };
		04FA22A32862FA75002619B2 /* Roboto-BlackItalic.ttf in Resources */ = {isa = PBXBuildFile; fileRef = 04FA22A22862FA75002619B2 /* Roboto-BlackItalic.ttf */; };
		04FA22A52862FA80002619B2 /* Roboto-Bold.ttf in Resources */ = {isa = PBXBuildFile; fileRef = 04FA22A42862FA80002619B2 /* Roboto-Bold.ttf */; };
		04FA22A72862FA8A002619B2 /* Roboto-BoldItalic.ttf in Resources */ = {isa = PBXBuildFile; fileRef = 04FA22A62862FA8A002619B2 /* Roboto-BoldItalic.ttf */; };
		04FA22A92862FA96002619B2 /* Roboto-Italic.ttf in Resources */ = {isa = PBXBuildFile; fileRef = 04FA22A82862FA96002619B2 /* Roboto-Italic.ttf */; };
		04FA22AB2862FAA3002619B2 /* Roboto-Light.ttf in Resources */ = {isa = PBXBuildFile; fileRef = 04FA22AA2862FAA3002619B2 /* Roboto-Light.ttf */; };
		04FA22AD2862FAAE002619B2 /* Roboto-LightItalic.ttf in Resources */ = {isa = PBXBuildFile; fileRef = 04FA22AC2862FAAE002619B2 /* Roboto-LightItalic.ttf */; };
		04FA22AF2862FAB8002619B2 /* Roboto-Medium.ttf in Resources */ = {isa = PBXBuildFile; fileRef = 04FA22AE2862FAB8002619B2 /* Roboto-Medium.ttf */; };
		04FA22B12862FAC1002619B2 /* Roboto-MediumItalic.ttf in Resources */ = {isa = PBXBuildFile; fileRef = 04FA22B02862FAC1002619B2 /* Roboto-MediumItalic.ttf */; };
		04FA22B32862FACC002619B2 /* Roboto-Regular.ttf in Resources */ = {isa = PBXBuildFile; fileRef = 04FA22B22862FACC002619B2 /* Roboto-Regular.ttf */; };
		04FA22B52862FAD8002619B2 /* Roboto-Thin.ttf in Resources */ = {isa = PBXBuildFile; fileRef = 04FA22B42862FAD8002619B2 /* Roboto-Thin.ttf */; };
		04FA22B72862FAE1002619B2 /* Roboto-ThinItalic.ttf in Resources */ = {isa = PBXBuildFile; fileRef = 04FA22B62862FAE1002619B2 /* Roboto-ThinItalic.ttf */; };
		0C80B921A6F3F58F76C31292 /* libPods-bytmos_partner.a in Frameworks */ = {isa = PBXBuildFile; fileRef = 5DCACB8F33CDC322A6C60F78 /* libPods-bytmos_partner.a */; };
		0FE8DB808E3545D7BB266CBE /* Feather.ttf in Resources */ = {isa = PBXBuildFile; fileRef = 3D69D3B0D81645DC8689C65F /* Feather.ttf */; };
		104C0E66903445DB907F6989 /* Roboto-BoldItalic.ttf in Resources */ = {isa = PBXBuildFile; fileRef = 211E4014273E44A08A6BC8F0 /* Roboto-BoldItalic.ttf */; };
		1328F1BB9F1E4BC7A75FC30F /* Ionicons.ttf in Resources */ = {isa = PBXBuildFile; fileRef = D3C4B9C94F11414DAA1B51F0 /* Ionicons.ttf */; };
		13B07FBC1A68108700A75B9A /* AppDelegate.mm in Sources */ = {isa = PBXBuildFile; fileRef = 13B07FB01A68108700A75B9A /* AppDelegate.mm */; };
		13B07FBF1A68108700A75B9A /* Images.xcassets in Resources */ = {isa = PBXBuildFile; fileRef = 13B07FB51A68108700A75B9A /* Images.xcassets */; };
		13B07FC11A68108700A75B9A /* main.m in Sources */ = {isa = PBXBuildFile; fileRef = 13B07FB71A68108700A75B9A /* main.m */; };
		15F701F617CF44BA9998B43D /* Roboto-MediumItalic.ttf in Resources */ = {isa = PBXBuildFile; fileRef = 5D686DE7256D445BAF61E19B /* Roboto-MediumItalic.ttf */; };
		30BF56D16C074B1BA36EC72A /* Roboto-ThinItalic.ttf in Resources */ = {isa = PBXBuildFile; fileRef = FFECF585C89847B68C6CF59F /* Roboto-ThinItalic.ttf */; };
		370EFEF5F6AA4D6C8A998965 /* SimpleLineIcons.ttf in Resources */ = {isa = PBXBuildFile; fileRef = E39CC05C9F63475FB5C2A79B /* SimpleLineIcons.ttf */; };
		4E4AF355B1384676A798357A /* FontAwesome5_Regular.ttf in Resources */ = {isa = PBXBuildFile; fileRef = ACD51D996BEC4A47A7D648BF /* FontAwesome5_Regular.ttf */; };
		5406430C43B84EF9994162E6 /* Fontisto.ttf in Resources */ = {isa = PBXBuildFile; fileRef = 26C2524999B244C392CD0D3E /* Fontisto.ttf */; };
		574991BFCEEB4D82AB414893 /* FontAwesome.ttf in Resources */ = {isa = PBXBuildFile; fileRef = 971CB565774E47F5ACEB8170 /* FontAwesome.ttf */; };
		5D5F7230EBF044CD85356CAF /* Octicons.ttf in Resources */ = {isa = PBXBuildFile; fileRef = DA92FA874FC44F2A87762EDC /* Octicons.ttf */; };
		6C87D591F20247119CE3B6FE /* Zocial.ttf in Resources */ = {isa = PBXBuildFile; fileRef = 0C3E8E7002EB423FA55F35DD /* Zocial.ttf */; };
		6D04FAB3901244C893ED23F3 /* Roboto-Medium.ttf in Resources */ = {isa = PBXBuildFile; fileRef = EBE3A921366549A7AB8309A2 /* Roboto-Medium.ttf */; };
		6E1BD85961C94F4F851DE495 /* FontAwesome5_Solid.ttf in Resources */ = {isa = PBXBuildFile; fileRef = 1BD97077D2F94611AC60CA47 /* FontAwesome5_Solid.ttf */; };
		73D568F388974B0EA03355C1 /* Roboto-Italic.ttf in Resources */ = {isa = PBXBuildFile; fileRef = 904FFA47AED049C0A450BE47 /* Roboto-Italic.ttf */; };
		7699B88040F8A987B510C191 /* libPods-bytmos_partner-bytmos_partnerTests.a in Frameworks */ = {isa = PBXBuildFile; fileRef = 19F6CBCC0A4E27FBF8BF4A61 /* libPods-bytmos_partner-bytmos_partnerTests.a */; };
		81AB9BB82411601600AC10FF /* LaunchScreen.storyboard in Resources */ = {isa = PBXBuildFile; fileRef = 81AB9BB72411601600AC10FF /* LaunchScreen.storyboard */; };
		84E4A89EB3F840CEA1711752 /* Foundation.ttf in Resources */ = {isa = PBXBuildFile; fileRef = BBD72930F7F14892BBC4FEDE /* Foundation.ttf */; };
		88765AC129E348618629FFEA /* MaterialCommunityIcons.ttf in Resources */ = {isa = PBXBuildFile; fileRef = 20107A70DA8B462596BDC860 /* MaterialCommunityIcons.ttf */; };
		88FBCA56E4E34B91B16856E7 /* Roboto-Thin.ttf in Resources */ = {isa = PBXBuildFile; fileRef = FE6CE0EF88314E9A9E5B55EC /* Roboto-Thin.ttf */; };
		9A0D55BC512548199020F93B /* MaterialIcons.ttf in Resources */ = {isa = PBXBuildFile; fileRef = CE2671FFEB294AC690F57CC4 /* MaterialIcons.ttf */; };
		A40747C422DE4C7787E57DE4 /* Roboto-BlackItalic.ttf in Resources */ = {isa = PBXBuildFile; fileRef = 83D0D3914B5443438F9D739C /* Roboto-BlackItalic.ttf */; };
		B5A6A2A8B6BB4FD3881B4C07 /* Entypo.ttf in Resources */ = {isa = PBXBuildFile; fileRef = 9E57246B1CA54FA19C7D9025 /* Entypo.ttf */; };
		CBDB5AC8272A499FAAAFAB47 /* AntDesign.ttf in Resources */ = {isa = PBXBuildFile; fileRef = B0B92CC576D746AC814CE252 /* AntDesign.ttf */; };
		DC26824C17FB4E519D59687A /* Roboto-Black.ttf in Resources */ = {isa = PBXBuildFile; fileRef = B0478E1C93854C639FF58FFA /* Roboto-Black.ttf */; };
		E2D95B8B64FF4A899EC2D68B /* EvilIcons.ttf in Resources */ = {isa = PBXBuildFile; fileRef = DA35F58BD1DF44B981B1E5E8 /* EvilIcons.ttf */; };
		E301C9C3B9604623A77A5D7A /* Roboto-Bold.ttf in Resources */ = {isa = PBXBuildFile; fileRef = A77CE94C1B7A4C2E9EBCC4D6 /* Roboto-Bold.ttf */; };
		EC2986D224764672888FA72F /* Roboto-Regular.ttf in Resources */ = {isa = PBXBuildFile; fileRef = EC923D044D6F4E55A4872B90 /* Roboto-Regular.ttf */; };
		EE1CC96819B543AAB32EE0C3 /* FontAwesome5_Brands.ttf in Resources */ = {isa = PBXBuildFile; fileRef = 89099A6625B147EEB9C6EB6D /* FontAwesome5_Brands.ttf */; };
		FB4BDC2D20334941B50A1880 /* Roboto-Light.ttf in Resources */ = {isa = PBXBuildFile; fileRef = 00A5FC3491B849AF95815C44 /* Roboto-Light.ttf */; };
/* End PBXBuildFile section */

/* Begin PBXContainerItemProxy section */
		00E356F41AD99517003FC87E /* PBXContainerItemProxy */ = {
			isa = PBXContainerItemProxy;
			containerPortal = 83CBB9F71A601CBA00E9B192 /* Project object */;
			proxyType = 1;
			remoteGlobalIDString = 13B07F861A680F5B00A75B9A;
			remoteInfo = bytmos_partner;
		};
/* End PBXContainerItemProxy section */

/* Begin PBXFileReference section */
		00A5FC3491B849AF95815C44 /* Roboto-Light.ttf */ = {isa = PBXFileReference; explicitFileType = undefined; fileEncoding = 9; includeInIndex = 0; lastKnownFileType = unknown; name = "Roboto-Light.ttf"; path = "../src/assets/fonts/Roboto-Light.ttf"; sourceTree = "<group>"; };
		00E356EE1AD99517003FC87E /* bytmos_partnerTests.xctest */ = {isa = PBXFileReference; explicitFileType = wrapper.cfbundle; includeInIndex = 0; path = bytmos_partnerTests.xctest; sourceTree = BUILT_PRODUCTS_DIR; };
		00E356F11AD99517003FC87E /* Info.plist */ = {isa = PBXFileReference; lastKnownFileType = text.plist.xml; path = Info.plist; sourceTree = "<group>"; };
		00E356F21AD99517003FC87E /* bytmos_partnerTests.m */ = {isa = PBXFileReference; lastKnownFileType = sourcecode.c.objc; path = bytmos_partnerTests.m; sourceTree = "<group>"; };
		04FA22822862F91B002619B2 /* AntDesign.ttf */ = {isa = PBXFileReference; lastKnownFileType = file; name = AntDesign.ttf; path = "../../node_modules/react-native-vector-icons/Fonts/AntDesign.ttf"; sourceTree = "<group>"; };
		04FA22842862F92B002619B2 /* Entypo.ttf */ = {isa = PBXFileReference; lastKnownFileType = file; name = Entypo.ttf; path = "../../node_modules/react-native-vector-icons/Fonts/Entypo.ttf"; sourceTree = "<group>"; };
		04FA22862862F939002619B2 /* EvilIcons.ttf */ = {isa = PBXFileReference; lastKnownFileType = file; name = EvilIcons.ttf; path = "../../node_modules/react-native-vector-icons/Fonts/EvilIcons.ttf"; sourceTree = "<group>"; };
		04FA22882862F946002619B2 /* Feather.ttf */ = {isa = PBXFileReference; lastKnownFileType = file; name = Feather.ttf; path = "../../node_modules/react-native-vector-icons/Fonts/Feather.ttf"; sourceTree = "<group>"; };
		04FA22902862F9DA002619B2 /* Fontisto.ttf */ = {isa = PBXFileReference; lastKnownFileType = file; name = Fontisto.ttf; path = "../../node_modules/react-native-vector-icons/Fonts/Fontisto.ttf"; sourceTree = "<group>"; };
		04FA22922862F9EF002619B2 /* Ionicons.ttf */ = {isa = PBXFileReference; lastKnownFileType = file; name = Ionicons.ttf; path = "../../node_modules/react-native-vector-icons/Fonts/Ionicons.ttf"; sourceTree = "<group>"; };
		04FA22942862FA01002619B2 /* Foundation.ttf */ = {isa = PBXFileReference; lastKnownFileType = file; name = Foundation.ttf; path = "../../node_modules/react-native-vector-icons/Fonts/Foundation.ttf"; sourceTree = "<group>"; };
		04FA22962862FA0F002619B2 /* MaterialCommunityIcons.ttf */ = {isa = PBXFileReference; lastKnownFileType = file; name = MaterialCommunityIcons.ttf; path = "../../node_modules/react-native-vector-icons/Fonts/MaterialCommunityIcons.ttf"; sourceTree = "<group>"; };
		04FA22982862FA1A002619B2 /* MaterialIcons.ttf */ = {isa = PBXFileReference; lastKnownFileType = file; name = MaterialIcons.ttf; path = "../../node_modules/react-native-vector-icons/Fonts/MaterialIcons.ttf"; sourceTree = "<group>"; };
		04FA229A2862FA27002619B2 /* Octicons.ttf */ = {isa = PBXFileReference; lastKnownFileType = file; name = Octicons.ttf; path = "../../node_modules/react-native-vector-icons/Fonts/Octicons.ttf"; sourceTree = "<group>"; };
		04FA229C2862FA35002619B2 /* SimpleLineIcons.ttf */ = {isa = PBXFileReference; lastKnownFileType = file; name = SimpleLineIcons.ttf; path = "../../node_modules/react-native-vector-icons/Fonts/SimpleLineIcons.ttf"; sourceTree = "<group>"; };
		04FA229E2862FA40002619B2 /* Zocial.ttf */ = {isa = PBXFileReference; lastKnownFileType = file; name = Zocial.ttf; path = "../../node_modules/react-native-vector-icons/Fonts/Zocial.ttf"; sourceTree = "<group>"; };
		04FA22A02862FA69002619B2 /* Roboto-Black.ttf */ = {isa = PBXFileReference; lastKnownFileType = file; name = "Roboto-Black.ttf"; path = "../../src/assets/fonts/Roboto-Black.ttf"; sourceTree = "<group>"; };
		04FA22A22862FA75002619B2 /* Roboto-BlackItalic.ttf */ = {isa = PBXFileReference; lastKnownFileType = file; name = "Roboto-BlackItalic.ttf"; path = "../../src/assets/fonts/Roboto-BlackItalic.ttf"; sourceTree = "<group>"; };
		04FA22A42862FA80002619B2 /* Roboto-Bold.ttf */ = {isa = PBXFileReference; lastKnownFileType = file; name = "Roboto-Bold.ttf"; path = "../../src/assets/fonts/Roboto-Bold.ttf"; sourceTree = "<group>"; };
		04FA22A62862FA8A002619B2 /* Roboto-BoldItalic.ttf */ = {isa = PBXFileReference; lastKnownFileType = file; name = "Roboto-BoldItalic.ttf"; path = "../../src/assets/fonts/Roboto-BoldItalic.ttf"; sourceTree = "<group>"; };
		04FA22A82862FA96002619B2 /* Roboto-Italic.ttf */ = {isa = PBXFileReference; lastKnownFileType = file; name = "Roboto-Italic.ttf"; path = "../../src/assets/fonts/Roboto-Italic.ttf"; sourceTree = "<group>"; };
		04FA22AA2862FAA3002619B2 /* Roboto-Light.ttf */ = {isa = PBXFileReference; lastKnownFileType = file; name = "Roboto-Light.ttf"; path = "../../src/assets/fonts/Roboto-Light.ttf"; sourceTree = "<group>"; };
		04FA22AC2862FAAE002619B2 /* Roboto-LightItalic.ttf */ = {isa = PBXFileReference; lastKnownFileType = file; name = "Roboto-LightItalic.ttf"; path = "../../src/assets/fonts/Roboto-LightItalic.ttf"; sourceTree = "<group>"; };
		04FA22AE2862FAB8002619B2 /* Roboto-Medium.ttf */ = {isa = PBXFileReference; lastKnownFileType = file; name = "Roboto-Medium.ttf"; path = "../../src/assets/fonts/Roboto-Medium.ttf"; sourceTree = "<group>"; };
		04FA22B02862FAC1002619B2 /* Roboto-MediumItalic.ttf */ = {isa = PBXFileReference; lastKnownFileType = file; name = "Roboto-MediumItalic.ttf"; path = "../../src/assets/fonts/Roboto-MediumItalic.ttf"; sourceTree = "<group>"; };
		04FA22B22862FACC002619B2 /* Roboto-Regular.ttf */ = {isa = PBXFileReference; lastKnownFileType = file; name = "Roboto-Regular.ttf"; path = "../../src/assets/fonts/Roboto-Regular.ttf"; sourceTree = "<group>"; };
		04FA22B42862FAD8002619B2 /* Roboto-Thin.ttf */ = {isa = PBXFileReference; lastKnownFileType = file; name = "Roboto-Thin.ttf"; path = "../../src/assets/fonts/Roboto-Thin.ttf"; sourceTree = "<group>"; };
		04FA22B62862FAE1002619B2 /* Roboto-ThinItalic.ttf */ = {isa = PBXFileReference; lastKnownFileType = file; name = "Roboto-ThinItalic.ttf"; path = "../../src/assets/fonts/Roboto-ThinItalic.ttf"; sourceTree = "<group>"; };
		0C3E8E7002EB423FA55F35DD /* Zocial.ttf */ = {isa = PBXFileReference; explicitFileType = undefined; fileEncoding = 9; includeInIndex = 0; lastKnownFileType = unknown; name = Zocial.ttf; path = "../node_modules/react-native-vector-icons/Fonts/Zocial.ttf"; sourceTree = "<group>"; };
		13B07F961A680F5B00A75B9A /* bytmos_partner.app */ = {isa = PBXFileReference; explicitFileType = wrapper.application; includeInIndex = 0; path = bytmos_partner.app; sourceTree = BUILT_PRODUCTS_DIR; };
		13B07FAF1A68108700A75B9A /* AppDelegate.h */ = {isa = PBXFileReference; fileEncoding = 4; lastKnownFileType = sourcecode.c.h; name = AppDelegate.h; path = bytmos_partner/AppDelegate.h; sourceTree = "<group>"; };
		13B07FB01A68108700A75B9A /* AppDelegate.mm */ = {isa = PBXFileReference; fileEncoding = 4; lastKnownFileType = sourcecode.cpp.objcpp; name = AppDelegate.mm; path = bytmos_partner/AppDelegate.mm; sourceTree = "<group>"; };
		13B07FB51A68108700A75B9A /* Images.xcassets */ = {isa = PBXFileReference; lastKnownFileType = folder.assetcatalog; name = Images.xcassets; path = bytmos_partner/Images.xcassets; sourceTree = "<group>"; };
		13B07FB61A68108700A75B9A /* Info.plist */ = {isa = PBXFileReference; fileEncoding = 4; lastKnownFileType = text.plist.xml; name = Info.plist; path = bytmos_partner/Info.plist; sourceTree = "<group>"; };
		13B07FB71A68108700A75B9A /* main.m */ = {isa = PBXFileReference; fileEncoding = 4; lastKnownFileType = sourcecode.c.objc; name = main.m; path = bytmos_partner/main.m; sourceTree = "<group>"; };
		19F6CBCC0A4E27FBF8BF4A61 /* libPods-bytmos_partner-bytmos_partnerTests.a */ = {isa = PBXFileReference; explicitFileType = archive.ar; includeInIndex = 0; path = "libPods-bytmos_partner-bytmos_partnerTests.a"; sourceTree = BUILT_PRODUCTS_DIR; };
		1BD97077D2F94611AC60CA47 /* FontAwesome5_Solid.ttf */ = {isa = PBXFileReference; explicitFileType = undefined; fileEncoding = 9; includeInIndex = 0; lastKnownFileType = unknown; name = FontAwesome5_Solid.ttf; path = "../node_modules/react-native-vector-icons/Fonts/FontAwesome5_Solid.ttf"; sourceTree = "<group>"; };
		20107A70DA8B462596BDC860 /* MaterialCommunityIcons.ttf */ = {isa = PBXFileReference; explicitFileType = undefined; fileEncoding = 9; includeInIndex = 0; lastKnownFileType = unknown; name = MaterialCommunityIcons.ttf; path = "../node_modules/react-native-vector-icons/Fonts/MaterialCommunityIcons.ttf"; sourceTree = "<group>"; };
		211E4014273E44A08A6BC8F0 /* Roboto-BoldItalic.ttf */ = {isa = PBXFileReference; explicitFileType = undefined; fileEncoding = 9; includeInIndex = 0; lastKnownFileType = unknown; name = "Roboto-BoldItalic.ttf"; path = "../src/assets/fonts/Roboto-BoldItalic.ttf"; sourceTree = "<group>"; };
		26C2524999B244C392CD0D3E /* Fontisto.ttf */ = {isa = PBXFileReference; explicitFileType = undefined; fileEncoding = 9; includeInIndex = 0; lastKnownFileType = unknown; name = Fontisto.ttf; path = "../node_modules/react-native-vector-icons/Fonts/Fontisto.ttf"; sourceTree = "<group>"; };
		3B4392A12AC88292D35C810B /* Pods-bytmos_partner.debug.xcconfig */ = {isa = PBXFileReference; includeInIndex = 1; lastKnownFileType = text.xcconfig; name = "Pods-bytmos_partner.debug.xcconfig"; path = "Target Support Files/Pods-bytmos_partner/Pods-bytmos_partner.debug.xcconfig"; sourceTree = "<group>"; };
		3D69D3B0D81645DC8689C65F /* Feather.ttf */ = {isa = PBXFileReference; explicitFileType = undefined; fileEncoding = 9; includeInIndex = 0; lastKnownFileType = unknown; name = Feather.ttf; path = "../node_modules/react-native-vector-icons/Fonts/Feather.ttf"; sourceTree = "<group>"; };
		5709B34CF0A7D63546082F79 /* Pods-bytmos_partner.release.xcconfig */ = {isa = PBXFileReference; includeInIndex = 1; lastKnownFileType = text.xcconfig; name = "Pods-bytmos_partner.release.xcconfig"; path = "Target Support Files/Pods-bytmos_partner/Pods-bytmos_partner.release.xcconfig"; sourceTree = "<group>"; };
		5B7EB9410499542E8C5724F5 /* Pods-bytmos_partner-bytmos_partnerTests.debug.xcconfig */ = {isa = PBXFileReference; includeInIndex = 1; lastKnownFileType = text.xcconfig; name = "Pods-bytmos_partner-bytmos_partnerTests.debug.xcconfig"; path = "Target Support Files/Pods-bytmos_partner-bytmos_partnerTests/Pods-bytmos_partner-bytmos_partnerTests.debug.xcconfig"; sourceTree = "<group>"; };
		5D686DE7256D445BAF61E19B /* Roboto-MediumItalic.ttf */ = {isa = PBXFileReference; explicitFileType = undefined; fileEncoding = 9; includeInIndex = 0; lastKnownFileType = unknown; name = "Roboto-MediumItalic.ttf"; path = "../src/assets/fonts/Roboto-MediumItalic.ttf"; sourceTree = "<group>"; };
		5DCACB8F33CDC322A6C60F78 /* libPods-bytmos_partner.a */ = {isa = PBXFileReference; explicitFileType = archive.ar; includeInIndex = 0; path = "libPods-bytmos_partner.a"; sourceTree = BUILT_PRODUCTS_DIR; };
		7DDD7C0D17D64740AB6325B9 /* Roboto-LightItalic.ttf */ = {isa = PBXFileReference; explicitFileType = undefined; fileEncoding = 9; includeInIndex = 0; lastKnownFileType = unknown; name = "Roboto-LightItalic.ttf"; path = "../src/assets/fonts/Roboto-LightItalic.ttf"; sourceTree = "<group>"; };
		81AB9BB72411601600AC10FF /* LaunchScreen.storyboard */ = {isa = PBXFileReference; fileEncoding = 4; lastKnownFileType = file.storyboard; name = LaunchScreen.storyboard; path = bytmos_partner/LaunchScreen.storyboard; sourceTree = "<group>"; };
		83D0D3914B5443438F9D739C /* Roboto-BlackItalic.ttf */ = {isa = PBXFileReference; explicitFileType = undefined; fileEncoding = 9; includeInIndex = 0; lastKnownFileType = unknown; name = "Roboto-BlackItalic.ttf"; path = "../src/assets/fonts/Roboto-BlackItalic.ttf"; sourceTree = "<group>"; };
		89099A6625B147EEB9C6EB6D /* FontAwesome5_Brands.ttf */ = {isa = PBXFileReference; explicitFileType = undefined; fileEncoding = 9; includeInIndex = 0; lastKnownFileType = unknown; name = FontAwesome5_Brands.ttf; path = "../node_modules/react-native-vector-icons/Fonts/FontAwesome5_Brands.ttf"; sourceTree = "<group>"; };
		89C6BE57DB24E9ADA2F236DE /* Pods-bytmos_partner-bytmos_partnerTests.release.xcconfig */ = {isa = PBXFileReference; includeInIndex = 1; lastKnownFileType = text.xcconfig; name = "Pods-bytmos_partner-bytmos_partnerTests.release.xcconfig"; path = "Target Support Files/Pods-bytmos_partner-bytmos_partnerTests/Pods-bytmos_partner-bytmos_partnerTests.release.xcconfig"; sourceTree = "<group>"; };
		904FFA47AED049C0A450BE47 /* Roboto-Italic.ttf */ = {isa = PBXFileReference; explicitFileType = undefined; fileEncoding = 9; includeInIndex = 0; lastKnownFileType = unknown; name = "Roboto-Italic.ttf"; path = "../src/assets/fonts/Roboto-Italic.ttf"; sourceTree = "<group>"; };
		971CB565774E47F5ACEB8170 /* FontAwesome.ttf */ = {isa = PBXFileReference; explicitFileType = undefined; fileEncoding = 9; includeInIndex = 0; lastKnownFileType = unknown; name = FontAwesome.ttf; path = "../node_modules/react-native-vector-icons/Fonts/FontAwesome.ttf"; sourceTree = "<group>"; };
		9E57246B1CA54FA19C7D9025 /* Entypo.ttf */ = {isa = PBXFileReference; explicitFileType = undefined; fileEncoding = 9; includeInIndex = 0; lastKnownFileType = unknown; name = Entypo.ttf; path = "../node_modules/react-native-vector-icons/Fonts/Entypo.ttf"; sourceTree = "<group>"; };
		A77CE94C1B7A4C2E9EBCC4D6 /* Roboto-Bold.ttf */ = {isa = PBXFileReference; explicitFileType = undefined; fileEncoding = 9; includeInIndex = 0; lastKnownFileType = unknown; name = "Roboto-Bold.ttf"; path = "../src/assets/fonts/Roboto-Bold.ttf"; sourceTree = "<group>"; };
		ACD51D996BEC4A47A7D648BF /* FontAwesome5_Regular.ttf */ = {isa = PBXFileReference; explicitFileType = undefined; fileEncoding = 9; includeInIndex = 0; lastKnownFileType = unknown; name = FontAwesome5_Regular.ttf; path = "../node_modules/react-native-vector-icons/Fonts/FontAwesome5_Regular.ttf"; sourceTree = "<group>"; };
		B0478E1C93854C639FF58FFA /* Roboto-Black.ttf */ = {isa = PBXFileReference; explicitFileType = undefined; fileEncoding = 9; includeInIndex = 0; lastKnownFileType = unknown; name = "Roboto-Black.ttf"; path = "../src/assets/fonts/Roboto-Black.ttf"; sourceTree = "<group>"; };
		B0B92CC576D746AC814CE252 /* AntDesign.ttf */ = {isa = PBXFileReference; explicitFileType = undefined; fileEncoding = 9; includeInIndex = 0; lastKnownFileType = unknown; name = AntDesign.ttf; path = "../node_modules/react-native-vector-icons/Fonts/AntDesign.ttf"; sourceTree = "<group>"; };
		BBD72930F7F14892BBC4FEDE /* Foundation.ttf */ = {isa = PBXFileReference; explicitFileType = undefined; fileEncoding = 9; includeInIndex = 0; lastKnownFileType = unknown; name = Foundation.ttf; path = "../node_modules/react-native-vector-icons/Fonts/Foundation.ttf"; sourceTree = "<group>"; };
		CE2671FFEB294AC690F57CC4 /* MaterialIcons.ttf */ = {isa = PBXFileReference; explicitFileType = undefined; fileEncoding = 9; includeInIndex = 0; lastKnownFileType = unknown; name = MaterialIcons.ttf; path = "../node_modules/react-native-vector-icons/Fonts/MaterialIcons.ttf"; sourceTree = "<group>"; };
		D3C4B9C94F11414DAA1B51F0 /* Ionicons.ttf */ = {isa = PBXFileReference; explicitFileType = undefined; fileEncoding = 9; includeInIndex = 0; lastKnownFileType = unknown; name = Ionicons.ttf; path = "../node_modules/react-native-vector-icons/Fonts/Ionicons.ttf"; sourceTree = "<group>"; };
		DA35F58BD1DF44B981B1E5E8 /* EvilIcons.ttf */ = {isa = PBXFileReference; explicitFileType = undefined; fileEncoding = 9; includeInIndex = 0; lastKnownFileType = unknown; name = EvilIcons.ttf; path = "../node_modules/react-native-vector-icons/Fonts/EvilIcons.ttf"; sourceTree = "<group>"; };
		DA92FA874FC44F2A87762EDC /* Octicons.ttf */ = {isa = PBXFileReference; explicitFileType = undefined; fileEncoding = 9; includeInIndex = 0; lastKnownFileType = unknown; name = Octicons.ttf; path = "../node_modules/react-native-vector-icons/Fonts/Octicons.ttf"; sourceTree = "<group>"; };
		E39CC05C9F63475FB5C2A79B /* SimpleLineIcons.ttf */ = {isa = PBXFileReference; explicitFileType = undefined; fileEncoding = 9; includeInIndex = 0; lastKnownFileType = unknown; name = SimpleLineIcons.ttf; path = "../node_modules/react-native-vector-icons/Fonts/SimpleLineIcons.ttf"; sourceTree = "<group>"; };
		EBE3A921366549A7AB8309A2 /* Roboto-Medium.ttf */ = {isa = PBXFileReference; explicitFileType = undefined; fileEncoding = 9; includeInIndex = 0; lastKnownFileType = unknown; name = "Roboto-Medium.ttf"; path = "../src/assets/fonts/Roboto-Medium.ttf"; sourceTree = "<group>"; };
		EC923D044D6F4E55A4872B90 /* Roboto-Regular.ttf */ = {isa = PBXFileReference; explicitFileType = undefined; fileEncoding = 9; includeInIndex = 0; lastKnownFileType = unknown; name = "Roboto-Regular.ttf"; path = "../src/assets/fonts/Roboto-Regular.ttf"; sourceTree = "<group>"; };
		ED297162215061F000B7C4FE /* JavaScriptCore.framework */ = {isa = PBXFileReference; lastKnownFileType = wrapper.framework; name = JavaScriptCore.framework; path = System/Library/Frameworks/JavaScriptCore.framework; sourceTree = SDKROOT; };
		FE6CE0EF88314E9A9E5B55EC /* Roboto-Thin.ttf */ = {isa = PBXFileReference; explicitFileType = undefined; fileEncoding = 9; includeInIndex = 0; lastKnownFileType = unknown; name = "Roboto-Thin.ttf"; path = "../src/assets/fonts/Roboto-Thin.ttf"; sourceTree = "<group>"; };
		FFECF585C89847B68C6CF59F /* Roboto-ThinItalic.ttf */ = {isa = PBXFileReference; explicitFileType = undefined; fileEncoding = 9; includeInIndex = 0; lastKnownFileType = unknown; name = "Roboto-ThinItalic.ttf"; path = "../src/assets/fonts/Roboto-ThinItalic.ttf"; sourceTree = "<group>"; };
/* End PBXFileReference section */

/* Begin PBXFrameworksBuildPhase section */
		00E356EB1AD99517003FC87E /* Frameworks */ = {
			isa = PBXFrameworksBuildPhase;
			buildActionMask = 2147483647;
			files = (
				7699B88040F8A987B510C191 /* libPods-bytmos_partner-bytmos_partnerTests.a in Frameworks */,
			);
			runOnlyForDeploymentPostprocessing = 0;
		};
		13B07F8C1A680F5B00A75B9A /* Frameworks */ = {
			isa = PBXFrameworksBuildPhase;
			buildActionMask = 2147483647;
			files = (
				0C80B921A6F3F58F76C31292 /* libPods-bytmos_partner.a in Frameworks */,
			);
			runOnlyForDeploymentPostprocessing = 0;
		};
/* End PBXFrameworksBuildPhase section */

/* Begin PBXGroup section */
		00E356EF1AD99517003FC87E /* bytmos_partnerTests */ = {
			isa = PBXGroup;
			children = (
				00E356F21AD99517003FC87E /* bytmos_partnerTests.m */,
				00E356F01AD99517003FC87E /* Supporting Files */,
			);
			path = bytmos_partnerTests;
			sourceTree = "<group>";
		};
		00E356F01AD99517003FC87E /* Supporting Files */ = {
			isa = PBXGroup;
			children = (
				00E356F11AD99517003FC87E /* Info.plist */,
			);
			name = "Supporting Files";
			sourceTree = "<group>";
		};
		04FA22812862F7EE002619B2 /* Fonts */ = {
			isa = PBXGroup;
			children = (
				04FA22B62862FAE1002619B2 /* Roboto-ThinItalic.ttf */,
				04FA22B42862FAD8002619B2 /* Roboto-Thin.ttf */,
				04FA22B22862FACC002619B2 /* Roboto-Regular.ttf */,
				04FA22B02862FAC1002619B2 /* Roboto-MediumItalic.ttf */,
				04FA22AE2862FAB8002619B2 /* Roboto-Medium.ttf */,
				04FA22AC2862FAAE002619B2 /* Roboto-LightItalic.ttf */,
				04FA22AA2862FAA3002619B2 /* Roboto-Light.ttf */,
				04FA22A82862FA96002619B2 /* Roboto-Italic.ttf */,
				04FA22A62862FA8A002619B2 /* Roboto-BoldItalic.ttf */,
				04FA22A42862FA80002619B2 /* Roboto-Bold.ttf */,
				04FA22A22862FA75002619B2 /* Roboto-BlackItalic.ttf */,
				04FA22A02862FA69002619B2 /* Roboto-Black.ttf */,
				04FA229E2862FA40002619B2 /* Zocial.ttf */,
				04FA229C2862FA35002619B2 /* SimpleLineIcons.ttf */,
				04FA229A2862FA27002619B2 /* Octicons.ttf */,
				04FA22982862FA1A002619B2 /* MaterialIcons.ttf */,
				04FA22962862FA0F002619B2 /* MaterialCommunityIcons.ttf */,
				04FA22942862FA01002619B2 /* Foundation.ttf */,
				04FA22922862F9EF002619B2 /* Ionicons.ttf */,
				04FA22902862F9DA002619B2 /* Fontisto.ttf */,
				04FA22882862F946002619B2 /* Feather.ttf */,
				04FA22862862F939002619B2 /* EvilIcons.ttf */,
				04FA22842862F92B002619B2 /* Entypo.ttf */,
				04FA22822862F91B002619B2 /* AntDesign.ttf */,
			);
			path = Fonts;
			sourceTree = "<group>";
		};
		13B07FAE1A68108700A75B9A /* bytmos_partner */ = {
			isa = PBXGroup;
			children = (
				13B07FAF1A68108700A75B9A /* AppDelegate.h */,
				13B07FB01A68108700A75B9A /* AppDelegate.mm */,
				13B07FB51A68108700A75B9A /* Images.xcassets */,
				13B07FB61A68108700A75B9A /* Info.plist */,
				81AB9BB72411601600AC10FF /* LaunchScreen.storyboard */,
				13B07FB71A68108700A75B9A /* main.m */,
			);
			name = bytmos_partner;
			sourceTree = "<group>";
		};
		2D16E6871FA4F8E400B85C8A /* Frameworks */ = {
			isa = PBXGroup;
			children = (
				ED297162215061F000B7C4FE /* JavaScriptCore.framework */,
				5DCACB8F33CDC322A6C60F78 /* libPods-bytmos_partner.a */,
				19F6CBCC0A4E27FBF8BF4A61 /* libPods-bytmos_partner-bytmos_partnerTests.a */,
			);
			name = Frameworks;
			sourceTree = "<group>";
		};
		832341AE1AAA6A7D00B99B32 /* Libraries */ = {
			isa = PBXGroup;
			children = (
			);
			name = Libraries;
			sourceTree = "<group>";
		};
		83CBB9F61A601CBA00E9B192 = {
			isa = PBXGroup;
			children = (
				04FA22812862F7EE002619B2 /* Fonts */,
				13B07FAE1A68108700A75B9A /* bytmos_partner */,
				832341AE1AAA6A7D00B99B32 /* Libraries */,
				00E356EF1AD99517003FC87E /* bytmos_partnerTests */,
				83CBBA001A601CBA00E9B192 /* Products */,
				2D16E6871FA4F8E400B85C8A /* Frameworks */,
				BBD78D7AC51CEA395F1C20DB /* Pods */,
				C6E389F204EF4061AE8558E4 /* Resources */,
			);
			indentWidth = 2;
			sourceTree = "<group>";
			tabWidth = 2;
			usesTabs = 0;
		};
		83CBBA001A601CBA00E9B192 /* Products */ = {
			isa = PBXGroup;
			children = (
				13B07F961A680F5B00A75B9A /* bytmos_partner.app */,
				00E356EE1AD99517003FC87E /* bytmos_partnerTests.xctest */,
			);
			name = Products;
			sourceTree = "<group>";
		};
		BBD78D7AC51CEA395F1C20DB /* Pods */ = {
			isa = PBXGroup;
			children = (
				3B4392A12AC88292D35C810B /* Pods-bytmos_partner.debug.xcconfig */,
				5709B34CF0A7D63546082F79 /* Pods-bytmos_partner.release.xcconfig */,
				5B7EB9410499542E8C5724F5 /* Pods-bytmos_partner-bytmos_partnerTests.debug.xcconfig */,
				89C6BE57DB24E9ADA2F236DE /* Pods-bytmos_partner-bytmos_partnerTests.release.xcconfig */,
			);
			path = Pods;
			sourceTree = "<group>";
		};
		C6E389F204EF4061AE8558E4 /* Resources */ = {
			isa = PBXGroup;
			children = (
				B0B92CC576D746AC814CE252 /* AntDesign.ttf */,
				9E57246B1CA54FA19C7D9025 /* Entypo.ttf */,
				DA35F58BD1DF44B981B1E5E8 /* EvilIcons.ttf */,
				3D69D3B0D81645DC8689C65F /* Feather.ttf */,
				971CB565774E47F5ACEB8170 /* FontAwesome.ttf */,
				89099A6625B147EEB9C6EB6D /* FontAwesome5_Brands.ttf */,
				ACD51D996BEC4A47A7D648BF /* FontAwesome5_Regular.ttf */,
				1BD97077D2F94611AC60CA47 /* FontAwesome5_Solid.ttf */,
				26C2524999B244C392CD0D3E /* Fontisto.ttf */,
				BBD72930F7F14892BBC4FEDE /* Foundation.ttf */,
				D3C4B9C94F11414DAA1B51F0 /* Ionicons.ttf */,
				20107A70DA8B462596BDC860 /* MaterialCommunityIcons.ttf */,
				CE2671FFEB294AC690F57CC4 /* MaterialIcons.ttf */,
				DA92FA874FC44F2A87762EDC /* Octicons.ttf */,
				E39CC05C9F63475FB5C2A79B /* SimpleLineIcons.ttf */,
				0C3E8E7002EB423FA55F35DD /* Zocial.ttf */,
				B0478E1C93854C639FF58FFA /* Roboto-Black.ttf */,
				83D0D3914B5443438F9D739C /* Roboto-BlackItalic.ttf */,
				A77CE94C1B7A4C2E9EBCC4D6 /* Roboto-Bold.ttf */,
				211E4014273E44A08A6BC8F0 /* Roboto-BoldItalic.ttf */,
				904FFA47AED049C0A450BE47 /* Roboto-Italic.ttf */,
				00A5FC3491B849AF95815C44 /* Roboto-Light.ttf */,
				7DDD7C0D17D64740AB6325B9 /* Roboto-LightItalic.ttf */,
				EBE3A921366549A7AB8309A2 /* Roboto-Medium.ttf */,
				5D686DE7256D445BAF61E19B /* Roboto-MediumItalic.ttf */,
				EC923D044D6F4E55A4872B90 /* Roboto-Regular.ttf */,
				FE6CE0EF88314E9A9E5B55EC /* Roboto-Thin.ttf */,
				FFECF585C89847B68C6CF59F /* Roboto-ThinItalic.ttf */,
			);
			name = Resources;
			sourceTree = "<group>";
		};
/* End PBXGroup section */

/* Begin PBXNativeTarget section */
		00E356ED1AD99517003FC87E /* bytmos_partnerTests */ = {
			isa = PBXNativeTarget;
			buildConfigurationList = 00E357021AD99517003FC87E /* Build configuration list for PBXNativeTarget "bytmos_partnerTests" */;
			buildPhases = (
				A55EABD7B0C7F3A422A6CC61 /* [CP] Check Pods Manifest.lock */,
				00E356EA1AD99517003FC87E /* Sources */,
				00E356EB1AD99517003FC87E /* Frameworks */,
				00E356EC1AD99517003FC87E /* Resources */,
				F6A41C54EA430FDDC6A6ED99 /* [CP] Copy Pods Resources */,
			);
			buildRules = (
			);
			dependencies = (
				00E356F51AD99517003FC87E /* PBXTargetDependency */,
			);
			name = bytmos_partnerTests;
			productName = bytmos_partnerTests;
			productReference = 00E356EE1AD99517003FC87E /* bytmos_partnerTests.xctest */;
			productType = "com.apple.product-type.bundle.unit-test";
		};
		13B07F861A680F5B00A75B9A /* bytmos_partner */ = {
			isa = PBXNativeTarget;
			buildConfigurationList = 13B07F931A680F5B00A75B9A /* Build configuration list for PBXNativeTarget "bytmos_partner" */;
			buildPhases = (
				C38B50BA6285516D6DCD4F65 /* [CP] Check Pods Manifest.lock */,
				FD10A7F022414F080027D42C /* Start Packager */,
				13B07F871A680F5B00A75B9A /* Sources */,
				13B07F8C1A680F5B00A75B9A /* Frameworks */,
				13B07F8E1A680F5B00A75B9A /* Resources */,
				00DD1BFF1BD5951E006B06BC /* Bundle React Native code and images */,
				E235C05ADACE081382539298 /* [CP] Copy Pods Resources */,
			);
			buildRules = (
			);
			dependencies = (
			);
			name = bytmos_partner;
			productName = bytmos_partner;
			productReference = 13B07F961A680F5B00A75B9A /* bytmos_partner.app */;
			productType = "com.apple.product-type.application";
		};
/* End PBXNativeTarget section */

/* Begin PBXProject section */
		83CBB9F71A601CBA00E9B192 /* Project object */ = {
			isa = PBXProject;
			attributes = {
				LastUpgradeCheck = 1210;
				TargetAttributes = {
					00E356ED1AD99517003FC87E = {
						CreatedOnToolsVersion = 6.2;
						TestTargetID = 13B07F861A680F5B00A75B9A;
					};
					13B07F861A680F5B00A75B9A = {
						LastSwiftMigration = 1120;
					};
				};
			};
			buildConfigurationList = 83CBB9FA1A601CBA00E9B192 /* Build configuration list for PBXProject "bytmos_partner" */;
			compatibilityVersion = "Xcode 12.0";
			developmentRegion = en;
			hasScannedForEncodings = 0;
			knownRegions = (
				en,
				Base,
			);
			mainGroup = 83CBB9F61A601CBA00E9B192;
			productRefGroup = 83CBBA001A601CBA00E9B192 /* Products */;
			projectDirPath = "";
			projectRoot = "";
			targets = (
				13B07F861A680F5B00A75B9A /* bytmos_partner */,
				00E356ED1AD99517003FC87E /* bytmos_partnerTests */,
			);
		};
/* End PBXProject section */

/* Begin PBXResourcesBuildPhase section */
		00E356EC1AD99517003FC87E /* Resources */ = {
			isa = PBXResourcesBuildPhase;
			buildActionMask = 2147483647;
			files = (
			);
			runOnlyForDeploymentPostprocessing = 0;
		};
		13B07F8E1A680F5B00A75B9A /* Resources */ = {
			isa = PBXResourcesBuildPhase;
			buildActionMask = 2147483647;
			files = (
				04FA22A72862FA8A002619B2 /* Roboto-BoldItalic.ttf in Resources */,
				81AB9BB82411601600AC10FF /* LaunchScreen.storyboard in Resources */,
				04FA22B32862FACC002619B2 /* Roboto-Regular.ttf in Resources */,
				04FA22952862FA01002619B2 /* Foundation.ttf in Resources */,
				13B07FBF1A68108700A75B9A /* Images.xcassets in Resources */,
				04FA22932862F9EF002619B2 /* Ionicons.ttf in Resources */,
				04FA22912862F9DA002619B2 /* Fontisto.ttf in Resources */,
				04FA22A12862FA69002619B2 /* Roboto-Black.ttf in Resources */,
				CBDB5AC8272A499FAAAFAB47 /* AntDesign.ttf in Resources */,
				04FA22A32862FA75002619B2 /* Roboto-BlackItalic.ttf in Resources */,
				04FA22832862F91B002619B2 /* AntDesign.ttf in Resources */,
				B5A6A2A8B6BB4FD3881B4C07 /* Entypo.ttf in Resources */,
				E2D95B8B64FF4A899EC2D68B /* EvilIcons.ttf in Resources */,
				0FE8DB808E3545D7BB266CBE /* Feather.ttf in Resources */,
				04FA229B2862FA27002619B2 /* Octicons.ttf in Resources */,
				04FA22972862FA0F002619B2 /* MaterialCommunityIcons.ttf in Resources */,
				574991BFCEEB4D82AB414893 /* FontAwesome.ttf in Resources */,
				EE1CC96819B543AAB32EE0C3 /* FontAwesome5_Brands.ttf in Resources */,
				4E4AF355B1384676A798357A /* FontAwesome5_Regular.ttf in Resources */,
				04FA22992862FA1A002619B2 /* MaterialIcons.ttf in Resources */,
				04FA22872862F939002619B2 /* EvilIcons.ttf in Resources */,
				6E1BD85961C94F4F851DE495 /* FontAwesome5_Solid.ttf in Resources */,
				04FA22892862F946002619B2 /* Feather.ttf in Resources */,
				04FA22AD2862FAAE002619B2 /* Roboto-LightItalic.ttf in Resources */,
				04FA22B72862FAE1002619B2 /* Roboto-ThinItalic.ttf in Resources */,
				5406430C43B84EF9994162E6 /* Fontisto.ttf in Resources */,
				84E4A89EB3F840CEA1711752 /* Foundation.ttf in Resources */,
				04FA22852862F92B002619B2 /* Entypo.ttf in Resources */,
				04FA229F2862FA40002619B2 /* Zocial.ttf in Resources */,
				04FA22AB2862FAA3002619B2 /* Roboto-Light.ttf in Resources */,
				04FA22B12862FAC1002619B2 /* Roboto-MediumItalic.ttf in Resources */,
				04FA22AF2862FAB8002619B2 /* Roboto-Medium.ttf in Resources */,
				1328F1BB9F1E4BC7A75FC30F /* Ionicons.ttf in Resources */,
				04FA22A52862FA80002619B2 /* Roboto-Bold.ttf in Resources */,
				88765AC129E348618629FFEA /* MaterialCommunityIcons.ttf in Resources */,
				9A0D55BC512548199020F93B /* MaterialIcons.ttf in Resources */,
				5D5F7230EBF044CD85356CAF /* Octicons.ttf in Resources */,
				04FA229D2862FA35002619B2 /* SimpleLineIcons.ttf in Resources */,
				04FA22A92862FA96002619B2 /* Roboto-Italic.ttf in Resources */,
				370EFEF5F6AA4D6C8A998965 /* SimpleLineIcons.ttf in Resources */,
				04FA22B52862FAD8002619B2 /* Roboto-Thin.ttf in Resources */,
				6C87D591F20247119CE3B6FE /* Zocial.ttf in Resources */,
				DC26824C17FB4E519D59687A /* Roboto-Black.ttf in Resources */,
				A40747C422DE4C7787E57DE4 /* Roboto-BlackItalic.ttf in Resources */,
				E301C9C3B9604623A77A5D7A /* Roboto-Bold.ttf in Resources */,
				104C0E66903445DB907F6989 /* Roboto-BoldItalic.ttf in Resources */,
				73D568F388974B0EA03355C1 /* Roboto-Italic.ttf in Resources */,
				FB4BDC2D20334941B50A1880 /* Roboto-Light.ttf in Resources */,
				000A97F813A44A7D8328276C /* Roboto-LightItalic.ttf in Resources */,
				6D04FAB3901244C893ED23F3 /* Roboto-Medium.ttf in Resources */,
				15F701F617CF44BA9998B43D /* Roboto-MediumItalic.ttf in Resources */,
				EC2986D224764672888FA72F /* Roboto-Regular.ttf in Resources */,
				88FBCA56E4E34B91B16856E7 /* Roboto-Thin.ttf in Resources */,
				30BF56D16C074B1BA36EC72A /* Roboto-ThinItalic.ttf in Resources */,
			);
			runOnlyForDeploymentPostprocessing = 0;
		};
/* End PBXResourcesBuildPhase section */

/* Begin PBXShellScriptBuildPhase section */
		00DD1BFF1BD5951E006B06BC /* Bundle React Native code and images */ = {
			isa = PBXShellScriptBuildPhase;
			buildActionMask = 2147483647;
			files = (
			);
			inputPaths = (
			);
			name = "Bundle React Native code and images";
			outputPaths = (
			);
			runOnlyForDeploymentPostprocessing = 0;
			shellPath = /bin/sh;
			shellScript = "set -e\n\nexport NODE_BINARY=node\n../node_modules/react-native/scripts/react-native-xcode.sh\n";
		};
		A55EABD7B0C7F3A422A6CC61 /* [CP] Check Pods Manifest.lock */ = {
			isa = PBXShellScriptBuildPhase;
			buildActionMask = 2147483647;
			files = (
			);
			inputFileListPaths = (
			);
			inputPaths = (
				"${PODS_PODFILE_DIR_PATH}/Podfile.lock",
				"${PODS_ROOT}/Manifest.lock",
			);
			name = "[CP] Check Pods Manifest.lock";
			outputFileListPaths = (
			);
			outputPaths = (
				"$(DERIVED_FILE_DIR)/Pods-bytmos_partner-bytmos_partnerTests-checkManifestLockResult.txt",
			);
			runOnlyForDeploymentPostprocessing = 0;
			shellPath = /bin/sh;
			shellScript = "diff \"${PODS_PODFILE_DIR_PATH}/Podfile.lock\" \"${PODS_ROOT}/Manifest.lock\" > /dev/null\nif [ $? != 0 ] ; then\n    # print error to STDERR\n    echo \"error: The sandbox is not in sync with the Podfile.lock. Run 'pod install' or update your CocoaPods installation.\" >&2\n    exit 1\nfi\n# This output is used by Xcode 'outputs' to avoid re-running this script phase.\necho \"SUCCESS\" > \"${SCRIPT_OUTPUT_FILE_0}\"\n";
			showEnvVarsInLog = 0;
		};
		C38B50BA6285516D6DCD4F65 /* [CP] Check Pods Manifest.lock */ = {
			isa = PBXShellScriptBuildPhase;
			buildActionMask = 2147483647;
			files = (
			);
			inputFileListPaths = (
			);
			inputPaths = (
				"${PODS_PODFILE_DIR_PATH}/Podfile.lock",
				"${PODS_ROOT}/Manifest.lock",
			);
			name = "[CP] Check Pods Manifest.lock";
			outputFileListPaths = (
			);
			outputPaths = (
				"$(DERIVED_FILE_DIR)/Pods-bytmos_partner-checkManifestLockResult.txt",
			);
			runOnlyForDeploymentPostprocessing = 0;
			shellPath = /bin/sh;
			shellScript = "diff \"${PODS_PODFILE_DIR_PATH}/Podfile.lock\" \"${PODS_ROOT}/Manifest.lock\" > /dev/null\nif [ $? != 0 ] ; then\n    # print error to STDERR\n    echo \"error: The sandbox is not in sync with the Podfile.lock. Run 'pod install' or update your CocoaPods installation.\" >&2\n    exit 1\nfi\n# This output is used by Xcode 'outputs' to avoid re-running this script phase.\necho \"SUCCESS\" > \"${SCRIPT_OUTPUT_FILE_0}\"\n";
			showEnvVarsInLog = 0;
		};
		E235C05ADACE081382539298 /* [CP] Copy Pods Resources */ = {
			isa = PBXShellScriptBuildPhase;
			buildActionMask = 2147483647;
			files = (
			);
			inputFileListPaths = (
				"${PODS_ROOT}/Target Support Files/Pods-bytmos_partner/Pods-bytmos_partner-resources-${CONFIGURATION}-input-files.xcfilelist",
			);
			name = "[CP] Copy Pods Resources";
			outputFileListPaths = (
				"${PODS_ROOT}/Target Support Files/Pods-bytmos_partner/Pods-bytmos_partner-resources-${CONFIGURATION}-output-files.xcfilelist",
			);
			runOnlyForDeploymentPostprocessing = 0;
			shellPath = /bin/sh;
			shellScript = "\"${PODS_ROOT}/Target Support Files/Pods-bytmos_partner/Pods-bytmos_partner-resources.sh\"\n";
			showEnvVarsInLog = 0;
		};
		F6A41C54EA430FDDC6A6ED99 /* [CP] Copy Pods Resources */ = {
			isa = PBXShellScriptBuildPhase;
			buildActionMask = 2147483647;
			files = (
			);
			inputFileListPaths = (
				"${PODS_ROOT}/Target Support Files/Pods-bytmos_partner-bytmos_partnerTests/Pods-bytmos_partner-bytmos_partnerTests-resources-${CONFIGURATION}-input-files.xcfilelist",
			);
			name = "[CP] Copy Pods Resources";
			outputFileListPaths = (
				"${PODS_ROOT}/Target Support Files/Pods-bytmos_partner-bytmos_partnerTests/Pods-bytmos_partner-bytmos_partnerTests-resources-${CONFIGURATION}-output-files.xcfilelist",
			);
			runOnlyForDeploymentPostprocessing = 0;
			shellPath = /bin/sh;
			shellScript = "\"${PODS_ROOT}/Target Support Files/Pods-bytmos_partner-bytmos_partnerTests/Pods-bytmos_partner-bytmos_partnerTests-resources.sh\"\n";
			showEnvVarsInLog = 0;
		};
		FD10A7F022414F080027D42C /* Start Packager */ = {
			isa = PBXShellScriptBuildPhase;
			buildActionMask = 2147483647;
			files = (
			);
			inputFileListPaths = (
			);
			inputPaths = (
			);
			name = "Start Packager";
			outputFileListPaths = (
			);
			outputPaths = (
			);
			runOnlyForDeploymentPostprocessing = 0;
			shellPath = /bin/sh;
			shellScript = "export RCT_METRO_PORT=\"${RCT_METRO_PORT:=8081}\"\necho \"export RCT_METRO_PORT=${RCT_METRO_PORT}\" > \"${SRCROOT}/../node_modules/react-native/scripts/.packager.env\"\nif [ -z \"${RCT_NO_LAUNCH_PACKAGER+xxx}\" ] ; then\n  if nc -w 5 -z localhost ${RCT_METRO_PORT} ; then\n    if ! curl -s \"http://localhost:${RCT_METRO_PORT}/status\" | grep -q \"packager-status:running\" ; then\n      echo \"Port ${RCT_METRO_PORT} already in use, packager is either not running or not running correctly\"\n      exit 2\n    fi\n  else\n    open \"$SRCROOT/../node_modules/react-native/scripts/launchPackager.command\" || echo \"Can't start packager automatically\"\n  fi\nfi\n";
			showEnvVarsInLog = 0;
		};
/* End PBXShellScriptBuildPhase section */

/* Begin PBXSourcesBuildPhase section */
		00E356EA1AD99517003FC87E /* Sources */ = {
			isa = PBXSourcesBuildPhase;
			buildActionMask = 2147483647;
			files = (
				00E356F31AD99517003FC87E /* bytmos_partnerTests.m in Sources */,
			);
			runOnlyForDeploymentPostprocessing = 0;
		};
		13B07F871A680F5B00A75B9A /* Sources */ = {
			isa = PBXSourcesBuildPhase;
			buildActionMask = 2147483647;
			files = (
				13B07FBC1A68108700A75B9A /* AppDelegate.mm in Sources */,
				13B07FC11A68108700A75B9A /* main.m in Sources */,
			);
			runOnlyForDeploymentPostprocessing = 0;
		};
/* End PBXSourcesBuildPhase section */

/* Begin PBXTargetDependency section */
		00E356F51AD99517003FC87E /* PBXTargetDependency */ = {
			isa = PBXTargetDependency;
			target = 13B07F861A680F5B00A75B9A /* bytmos_partner */;
			targetProxy = 00E356F41AD99517003FC87E /* PBXContainerItemProxy */;
		};
/* End PBXTargetDependency section */

/* Begin XCBuildConfiguration section */
		00E356F61AD99517003FC87E /* Debug */ = {
			isa = XCBuildConfiguration;
			baseConfigurationReference = 5B7EB9410499542E8C5724F5 /* Pods-bytmos_partner-bytmos_partnerTests.debug.xcconfig */;
			buildSettings = {
				BUNDLE_LOADER = "$(TEST_HOST)";
				GCC_PREPROCESSOR_DEFINITIONS = (
					"DEBUG=1",
					"$(inherited)",
				);
				INFOPLIST_FILE = bytmos_partnerTests/Info.plist;
				IPHONEOS_DEPLOYMENT_TARGET = 11.0;
				LD_RUNPATH_SEARCH_PATHS = (
					"$(inherited)",
					"@executable_path/Frameworks",
					"@loader_path/Frameworks",
				);
				OTHER_LDFLAGS = (
					"-ObjC",
					"-lc++",
					"$(inherited)",
				);
				PRODUCT_BUNDLE_IDENTIFIER = "org.reactjs.native.example.$(PRODUCT_NAME:rfc1034identifier)";
				PRODUCT_NAME = "$(TARGET_NAME)";
				TEST_HOST = "$(BUILT_PRODUCTS_DIR)/bytmos_partner.app/bytmos_partner";
			};
			name = Debug;
		};
		00E356F71AD99517003FC87E /* Release */ = {
			isa = XCBuildConfiguration;
			baseConfigurationReference = 89C6BE57DB24E9ADA2F236DE /* Pods-bytmos_partner-bytmos_partnerTests.release.xcconfig */;
			buildSettings = {
				BUNDLE_LOADER = "$(TEST_HOST)";
				COPY_PHASE_STRIP = NO;
				INFOPLIST_FILE = bytmos_partnerTests/Info.plist;
				IPHONEOS_DEPLOYMENT_TARGET = 11.0;
				LD_RUNPATH_SEARCH_PATHS = (
					"$(inherited)",
					"@executable_path/Frameworks",
					"@loader_path/Frameworks",
				);
				OTHER_LDFLAGS = (
					"-ObjC",
					"-lc++",
					"$(inherited)",
				);
				PRODUCT_BUNDLE_IDENTIFIER = "org.reactjs.native.example.$(PRODUCT_NAME:rfc1034identifier)";
				PRODUCT_NAME = "$(TARGET_NAME)";
				TEST_HOST = "$(BUILT_PRODUCTS_DIR)/bytmos_partner.app/bytmos_partner";
			};
			name = Release;
		};
		13B07F941A680F5B00A75B9A /* Debug */ = {
			isa = XCBuildConfiguration;
			baseConfigurationReference = 3B4392A12AC88292D35C810B /* Pods-bytmos_partner.debug.xcconfig */;
			buildSettings = {
				ASSETCATALOG_COMPILER_APPICON_NAME = AppIcon;
				ASSETCATALOG_COMPILER_INCLUDE_ALL_APPICON_ASSETS = NO;
				CLANG_ENABLE_MODULES = YES;
				CURRENT_PROJECT_VERSION = 1;
				ENABLE_BITCODE = NO;
				INFOPLIST_FILE = bytmos_partner/Info.plist;
				LD_RUNPATH_SEARCH_PATHS = (
					"$(inherited)",
					"@executable_path/Frameworks",
				);
				OTHER_LDFLAGS = (
					"$(inherited)",
					"-ObjC",
					"-lc++",
				);
				PRODUCT_BUNDLE_IDENTIFIER = "org.reactjs.native.example.$(PRODUCT_NAME:rfc1034identifier)";
				PRODUCT_NAME = bytmos_partner;
				SWIFT_OPTIMIZATION_LEVEL = "-Onone";
				SWIFT_VERSION = 5.0;
				VERSIONING_SYSTEM = "apple-generic";
			};
			name = Debug;
		};
		13B07F951A680F5B00A75B9A /* Release */ = {
			isa = XCBuildConfiguration;
			baseConfigurationReference = 5709B34CF0A7D63546082F79 /* Pods-bytmos_partner.release.xcconfig */;
			buildSettings = {
				ASSETCATALOG_COMPILER_APPICON_NAME = AppIcon;
				ASSETCATALOG_COMPILER_INCLUDE_ALL_APPICON_ASSETS = NO;
				CLANG_ENABLE_MODULES = YES;
				CURRENT_PROJECT_VERSION = 1;
				INFOPLIST_FILE = bytmos_partner/Info.plist;
				LD_RUNPATH_SEARCH_PATHS = (
					"$(inherited)",
					"@executable_path/Frameworks",
				);
				OTHER_LDFLAGS = (
					"$(inherited)",
					"-ObjC",
					"-lc++",
				);
				PRODUCT_BUNDLE_IDENTIFIER = "org.reactjs.native.example.$(PRODUCT_NAME:rfc1034identifier)";
				PRODUCT_NAME = bytmos_partner;
				SWIFT_VERSION = 5.0;
				VERSIONING_SYSTEM = "apple-generic";
			};
			name = Release;
		};
		83CBBA201A601CBA00E9B192 /* Debug */ = {
			isa = XCBuildConfiguration;
			buildSettings = {
				ALWAYS_SEARCH_USER_PATHS = NO;
				CLANG_ANALYZER_LOCALIZABILITY_NONLOCALIZED = YES;
				CLANG_CXX_LANGUAGE_STANDARD = "c++17";
				CLANG_CXX_LIBRARY = "libc++";
				CLANG_ENABLE_MODULES = YES;
				CLANG_ENABLE_OBJC_ARC = YES;
				CLANG_WARN_BLOCK_CAPTURE_AUTORELEASING = YES;
				CLANG_WARN_BOOL_CONVERSION = YES;
				CLANG_WARN_COMMA = YES;
				CLANG_WARN_CONSTANT_CONVERSION = YES;
				CLANG_WARN_DEPRECATED_OBJC_IMPLEMENTATIONS = YES;
				CLANG_WARN_DIRECT_OBJC_ISA_USAGE = YES_ERROR;
				CLANG_WARN_EMPTY_BODY = YES;
				CLANG_WARN_ENUM_CONVERSION = YES;
				CLANG_WARN_INFINITE_RECURSION = YES;
				CLANG_WARN_INT_CONVERSION = YES;
				CLANG_WARN_NON_LITERAL_NULL_CONVERSION = YES;
				CLANG_WARN_OBJC_IMPLICIT_RETAIN_SELF = YES;
				CLANG_WARN_OBJC_LITERAL_CONVERSION = YES;
				CLANG_WARN_OBJC_ROOT_CLASS = YES_ERROR;
				CLANG_WARN_QUOTED_INCLUDE_IN_FRAMEWORK_HEADER = YES;
				CLANG_WARN_RANGE_LOOP_ANALYSIS = YES;
				CLANG_WARN_STRICT_PROTOTYPES = YES;
				CLANG_WARN_SUSPICIOUS_MOVE = YES;
				CLANG_WARN_UNREACHABLE_CODE = YES;
				CLANG_WARN__DUPLICATE_METHOD_MATCH = YES;
				"CODE_SIGN_IDENTITY[sdk=iphoneos*]" = "iPhone Developer";
				COPY_PHASE_STRIP = NO;
				ENABLE_STRICT_OBJC_MSGSEND = YES;
				ENABLE_TESTABILITY = YES;
				"EXCLUDED_ARCHS[sdk=iphonesimulator*]" = "";
				GCC_C_LANGUAGE_STANDARD = gnu99;
				GCC_DYNAMIC_NO_PIC = NO;
				GCC_NO_COMMON_BLOCKS = YES;
				GCC_OPTIMIZATION_LEVEL = 0;
				GCC_PREPROCESSOR_DEFINITIONS = (
					"DEBUG=1",
					"$(inherited)",
				);
				GCC_SYMBOLS_PRIVATE_EXTERN = NO;
				GCC_WARN_64_TO_32_BIT_CONVERSION = YES;
				GCC_WARN_ABOUT_RETURN_TYPE = YES_ERROR;
				GCC_WARN_UNDECLARED_SELECTOR = YES;
				GCC_WARN_UNINITIALIZED_AUTOS = YES_AGGRESSIVE;
				GCC_WARN_UNUSED_FUNCTION = YES;
				GCC_WARN_UNUSED_VARIABLE = YES;
				IPHONEOS_DEPLOYMENT_TARGET = 11.0;
				LD_RUNPATH_SEARCH_PATHS = (
					/usr/lib/swift,
					"$(inherited)",
				);
				LIBRARY_SEARCH_PATHS = (
					"\"$(SDKROOT)/usr/lib/swift\"",
					"\"$(TOOLCHAIN_DIR)/usr/lib/swift/$(PLATFORM_NAME)\"",
					"\"$(inherited)\"",
				);
				MTL_ENABLE_DEBUG_INFO = YES;
				ONLY_ACTIVE_ARCH = YES;
				OTHER_CPLUSPLUSFLAGS = (
					"$(OTHER_CFLAGS)",
					"-DFOLLY_NO_CONFIG",
					"-DFOLLY_MOBILE=1",
					"-DFOLLY_USE_LIBCPP=1",
				);
				SDKROOT = iphoneos;
			};
			name = Debug;
		};
		83CBBA211A601CBA00E9B192 /* Release */ = {
			isa = XCBuildConfiguration;
			buildSettings = {
				ALWAYS_SEARCH_USER_PATHS = NO;
				CLANG_ANALYZER_LOCALIZABILITY_NONLOCALIZED = YES;
				CLANG_CXX_LANGUAGE_STANDARD = "c++17";
				CLANG_CXX_LIBRARY = "libc++";
				CLANG_ENABLE_MODULES = YES;
				CLANG_ENABLE_OBJC_ARC = YES;
				CLANG_WARN_BLOCK_CAPTURE_AUTORELEASING = YES;
				CLANG_WARN_BOOL_CONVERSION = YES;
				CLANG_WARN_COMMA = YES;
				CLANG_WARN_CONSTANT_CONVERSION = YES;
				CLANG_WARN_DEPRECATED_OBJC_IMPLEMENTATIONS = YES;
				CLANG_WARN_DIRECT_OBJC_ISA_USAGE = YES_ERROR;
				CLANG_WARN_EMPTY_BODY = YES;
				CLANG_WARN_ENUM_CONVERSION = YES;
				CLANG_WARN_INFINITE_RECURSION = YES;
				CLANG_WARN_INT_CONVERSION = YES;
				CLANG_WARN_NON_LITERAL_NULL_CONVERSION = YES;
				CLANG_WARN_OBJC_IMPLICIT_RETAIN_SELF = YES;
				CLANG_WARN_OBJC_LITERAL_CONVERSION = YES;
				CLANG_WARN_OBJC_ROOT_CLASS = YES_ERROR;
				CLANG_WARN_QUOTED_INCLUDE_IN_FRAMEWORK_HEADER = YES;
				CLANG_WARN_RANGE_LOOP_ANALYSIS = YES;
				CLANG_WARN_STRICT_PROTOTYPES = YES;
				CLANG_WARN_SUSPICIOUS_MOVE = YES;
				CLANG_WARN_UNREACHABLE_CODE = YES;
				CLANG_WARN__DUPLICATE_METHOD_MATCH = YES;
				"CODE_SIGN_IDENTITY[sdk=iphoneos*]" = "iPhone Developer";
				COPY_PHASE_STRIP = YES;
				ENABLE_NS_ASSERTIONS = NO;
				ENABLE_STRICT_OBJC_MSGSEND = YES;
				"EXCLUDED_ARCHS[sdk=iphonesimulator*]" = "";
				GCC_C_LANGUAGE_STANDARD = gnu99;
				GCC_NO_COMMON_BLOCKS = YES;
				GCC_WARN_64_TO_32_BIT_CONVERSION = YES;
				GCC_WARN_ABOUT_RETURN_TYPE = YES_ERROR;
				GCC_WARN_UNDECLARED_SELECTOR = YES;
				GCC_WARN_UNINITIALIZED_AUTOS = YES_AGGRESSIVE;
				GCC_WARN_UNUSED_FUNCTION = YES;
				GCC_WARN_UNUSED_VARIABLE = YES;
				IPHONEOS_DEPLOYMENT_TARGET = 11.0;
				LD_RUNPATH_SEARCH_PATHS = (
					/usr/lib/swift,
					"$(inherited)",
				);
				LIBRARY_SEARCH_PATHS = (
					"\"$(SDKROOT)/usr/lib/swift\"",
					"\"$(TOOLCHAIN_DIR)/usr/lib/swift/$(PLATFORM_NAME)\"",
					"\"$(inherited)\"",
				);
				MTL_ENABLE_DEBUG_INFO = NO;
				OTHER_CPLUSPLUSFLAGS = (
					"$(OTHER_CFLAGS)",
					"-DFOLLY_NO_CONFIG",
					"-DFOLLY_MOBILE=1",
					"-DFOLLY_USE_LIBCPP=1",
				);
				SDKROOT = iphoneos;
				VALIDATE_PRODUCT = YES;
			};
			name = Release;
		};
/* End XCBuildConfiguration section */

/* Begin XCConfigurationList section */
		00E357021AD99517003FC87E /* Build configuration list for PBXNativeTarget "bytmos_partnerTests" */ = {
			isa = XCConfigurationList;
			buildConfigurations = (
				00E356F61AD99517003FC87E /* Debug */,
				00E356F71AD99517003FC87E /* Release */,
			);
			defaultConfigurationIsVisible = 0;
			defaultConfigurationName = Release;
		};
		13B07F931A680F5B00A75B9A /* Build configuration list for PBXNativeTarget "bytmos_partner" */ = {
			isa = XCConfigurationList;
			buildConfigurations = (
				13B07F941A680F5B00A75B9A /* Debug */,
				13B07F951A680F5B00A75B9A /* Release */,
			);
			defaultConfigurationIsVisible = 0;
			defaultConfigurationName = Release;
		};
		83CBB9FA1A601CBA00E9B192 /* Build configuration list for PBXProject "bytmos_partner" */ = {
			isa = XCConfigurationList;
			buildConfigurations = (
				83CBBA201A601CBA00E9B192 /* Debug */,
				83CBBA211A601CBA00E9B192 /* Release */,
			);
			defaultConfigurationIsVisible = 0;
			defaultConfigurationName = Release;
		};
/* End XCConfigurationList section */
	};
	rootObject = 83CBB9F71A601CBA00E9B192 /* Project object */;
}
